{
    "name": "data-crypto-types",
    "version": "0.0.2",
    "lockfileVersion": 3,
    "requires": true,
    "packages": {
        "": {
            "name": "data-crypto-types",
            "version": "0.0.2",
            "license": "MIT",
            "dependencies": {
                "data-crypto": "^1.4.4"
            },
            "devDependencies": {
                "prettier": "^3.0.3"
            }
        },
        "node_modules/data-crypto": {
            "version": "1.4.4",
            "resolved": "https://registry.npmjs.org/data-crypto/-/data-crypto-1.4.4.tgz",
            "integrity": "sha512-AWtvAfGXF08fY2dOM7Hr3dHDNhJ6RG91cSW1+3D+XR/gO2x/oHN3hdepUInlnvjTF46+KAh1xScDImXIHKKBbA=="
        },
        "node_modules/prettier": {
            "version": "3.0.3",
            "resolved": "https://registry.npmjs.org/prettier/-/prettier-3.0.3.tgz",
            "integrity": "sha512-L/4pUDMxcNa8R/EthV08Zt42WBO4h1rarVtK0K+QJG0X187OLo7l699jWw0GKuwzkPQ//jMFA/8Xm6Fh3J/DAg==",
            "dev": true,
            "bin": {
                "prettier": "bin/prettier.cjs"
            },
            "engines": {
                "node": ">=14"
            },
            "funding": {
                "url": "https://github.com/prettier/prettier?sponsor=1"
            }
        }
    }
}
